// !$*UTF8*$!
{
	archiveVersion = 1;
	classes = {
	};
	objectVersion = 46;
	objects = {

/* Begin PBXBuildFile section */
		F0E370B51D28C9B10050E827 /* AppDelegate.swift in Sources */ = {isa = PBXBuildFile; fileRef = F0E370B41D28C9B10050E827 /* AppDelegate.swift */; };
		F0E370B71D28C9B10050E827 /* ViewController.swift in Sources */ = {isa = PBXBuildFile; fileRef = F0E370B61D28C9B10050E827 /* ViewController.swift */; };
		F0E370BA1D28C9B10050E827 /* Main.storyboard in Resources */ = {isa = PBXBuildFile; fileRef = F0E370B81D28C9B10050E827 /* Main.storyboard */; };
		F0E370BC1D28C9B10050E827 /* Assets.xcassets in Resources */ = {isa = PBXBuildFile; fileRef = F0E370BB1D28C9B10050E827 /* Assets.xcassets */; };
		F0E370BF1D28C9B10050E827 /* LaunchScreen.storyboard in Resources */ = {isa = PBXBuildFile; fileRef = F0E370BD1D28C9B10050E827 /* LaunchScreen.storyboard */; };
		F0E370CA1D28C9B10050E827 /* test_GITTests.swift in Sources */ = {isa = PBXBuildFile; fileRef = F0E370C91D28C9B10050E827 /* test_GITTests.swift */; };
		F0E370D51D28C9B10050E827 /* test_GITUITests.swift in Sources */ = {isa = PBXBuildFile; fileRef = F0E370D41D28C9B10050E827 /* test_GITUITests.swift */; };
/* End PBXBuildFile section */

/* Begin PBXContainerItemProxy section */
		F0E370C61D28C9B10050E827 /* PBXContainerItemProxy */ = {
			isa = PBXContainerItemProxy;
			containerPortal = F0E370A91D28C9B00050E827 /* Project object */;
			proxyType = 1;
			remoteGlobalIDString = F0E370B01D28C9B00050E827;
			remoteInfo = test_GIT;
		};
		F0E370D11D28C9B10050E827 /* PBXContainerItemProxy */ = {
			isa = PBXContainerItemProxy;
			containerPortal = F0E370A91D28C9B00050E827 /* Project object */;
			proxyType = 1;
			remoteGlobalIDString = F0E370B01D28C9B00050E827;
			remoteInfo = test_GIT;
		};
/* End PBXContainerItemProxy section */

/* Begin PBXFileReference section */
		F0E370B11D28C9B10050E827 /* test_GIT.app */ = {isa = PBXFileReference; explicitFileType = wrapper.application; includeInIndex = 0; path = test_GIT.app; sourceTree = BUILT_PRODUCTS_DIR; };
		F0E370B41D28C9B10050E827 /* AppDelegate.swift */ = {isa = PBXFileReference; lastKnownFileType = sourcecode.swift; path = AppDelegate.swift; sourceTree = "<group>"; };
		F0E370B61D28C9B10050E827 /* ViewController.swift */ = {isa = PBXFileReference; lastKnownFileType = sourcecode.swift; path = ViewController.swift; sourceTree = "<group>"; };
		F0E370B91D28C9B10050E827 /* Base */ = {isa = PBXFileReference; lastKnownFileType = file.storyboard; name = Base; path = Base.lproj/Main.storyboard; sourceTree = "<group>"; };
		F0E370BB1D28C9B10050E827 /* Assets.xcassets */ = {isa = PBXFileReference; lastKnownFileType = folder.assetcatalog; path = Assets.xcassets; sourceTree = "<group>"; };
		F0E370BE1D28C9B10050E827 /* Base */ = {isa = PBXFileReference; lastKnownFileType = file.storyboard; name = Base; path = Base.lproj/LaunchScreen.storyboard; sourceTree = "<group>"; };
		F0E370C01D28C9B10050E827 /* Info.plist */ = {isa = PBXFileReference; lastKnownFileType = text.plist.xml; path = Info.plist; sourceTree = "<group>"; };
		F0E370C51D28C9B10050E827 /* test_GITTests.xctest */ = {isa = PBXFileReference; explicitFileType = wrapper.cfbundle; includeInIndex = 0; path = test_GITTests.xctest; sourceTree = BUILT_PRODUCTS_DIR; };
		F0E370C91D28C9B10050E827 /* test_GITTests.swift */ = {isa = PBXFileReference; lastKnownFileType = sourcecode.swift; path = test_GITTests.swift; sourceTree = "<group>"; };
		F0E370CB1D28C9B10050E827 /* Info.plist */ = {isa = PBXFileReference; lastKnownFileType = text.plist.xml; path = Info.plist; sourceTree = "<group>"; };
		F0E370D01D28C9B10050E827 /* test_GITUITests.xctest */ = {isa = PBXFileReference; explicitFileType = wrapper.cfbundle; includeInIndex = 0; path = test_GITUITests.xctest; sourceTree = BUILT_PRODUCTS_DIR; };
		F0E370D41D28C9B10050E827 /* test_GITUITests.swift */ = {isa = PBXFileReference; lastKnownFileType = sourcecode.swift; path = test_GITUITests.swift; sourceTree = "<group>"; };
		F0E370D61D28C9B10050E827 /* Info.plist */ = {isa = PBXFileReference; lastKnownFileType = text.plist.xml; path = Info.plist; sourceTree = "<group>"; };
/* End PBXFileReference section */

/* Begin PBXFrameworksBuildPhase section */
		F0E370AE1D28C9B00050E827 /* Frameworks */ = {
			isa = PBXFrameworksBuildPhase;
			buildActionMask = 2147483647;
			files = (
			);
			runOnlyForDeploymentPostprocessing = 0;
		};
		F0E370C21D28C9B10050E827 /* Frameworks */ = {
			isa = PBXFrameworksBuildPhase;
			buildActionMask = 2147483647;
			files = (
			);
			runOnlyForDeploymentPostprocessing = 0;
		};
		F0E370CD1D28C9B10050E827 /* Frameworks */ = {
			isa = PBXFrameworksBuildPhase;
			buildActionMask = 2147483647;
			files = (
			);
			runOnlyForDeploymentPostprocessing = 0;
		};
/* End PBXFrameworksBuildPhase section */

/* Begin PBXGroup section */
		F0E370A81D28C9B00050E827 = {
			isa = PBXGroup;
			children = (
				F0E370B31D28C9B10050E827 /* test_GIT */,
				F0E370C81D28C9B10050E827 /* test_GITTests */,
				F0E370D31D28C9B10050E827 /* test_GITUITests */,
				F0E370B21D28C9B10050E827 /* Products */,
			);
			sourceTree = "<group>";
		};
		F0E370B21D28C9B10050E827 /* Products */ = {
			isa = PBXGroup;
			children = (
				F0E370B11D28C9B10050E827 /* test_GIT.app */,
				F0E370C51D28C9B10050E827 /* test_GITTests.xctest */,
				F0E370D01D28C9B10050E827 /* test_GITUITests.xctest */,
			);
			name = Products;
			sourceTree = "<group>";
		};
		F0E370B31D28C9B10050E827 /* test_GIT */ = {
			isa = PBXGroup;
			children = (
				F0E370B41D28C9B10050E827 /* AppDelegate.swift */,
				F0E370B61D28C9B10050E827 /* ViewController.swift */,
				F0E370B81D28C9B10050E827 /* Main.storyboard */,
				F0E370BB1D28C9B10050E827 /* Assets.xcassets */,
				F0E370BD1D28C9B10050E827 /* LaunchScreen.storyboard */,
				F0E370C01D28C9B10050E827 /* Info.plist */,
			);
			path = test_GIT;
			sourceTree = "<group>";
		};
		F0E370C81D28C9B10050E827 /* test_GITTests */ = {
			isa = PBXGroup;
			children = (
				F0E370C91D28C9B10050E827 /* test_GITTests.swift */,
				F0E370CB1D28C9B10050E827 /* Info.plist */,
			);
			path = test_GITTests;
			sourceTree = "<group>";
		};
		F0E370D31D28C9B10050E827 /* test_GITUITests */ = {
			isa = PBXGroup;
			children = (
				F0E370D41D28C9B10050E827 /* test_GITUITests.swift */,
				F0E370D61D28C9B10050E827 /* Info.plist */,
			);
			path = test_GITUITests;
			sourceTree = "<group>";
		};
/* End PBXGroup section */

/* Begin PBXNativeTarget section */
		F0E370B01D28C9B00050E827 /* test_GIT */ = {
			isa = PBXNativeTarget;
			buildConfigurationList = F0E370D91D28C9B10050E827 /* Build configuration list for PBXNativeTarget "test_GIT" */;
			buildPhases = (
				F0E370AD1D28C9B00050E827 /* Sources */,
				F0E370AE1D28C9B00050E827 /* Frameworks */,
				F0E370AF1D28C9B00050E827 /* Resources */,
			);
			buildRules = (
			);
			dependencies = (
			);
			name = test_GIT;
			productName = test_GIT;
			productReference = F0E370B11D28C9B10050E827 /* test_GIT.app */;
			productType = "com.apple.product-type.application";
		};
		F0E370C41D28C9B10050E827 /* test_GITTests */ = {
			isa = PBXNativeTarget;
			buildConfigurationList = F0E370DC1D28C9B10050E827 /* Build configuration list for PBXNativeTarget "test_GITTests" */;
			buildPhases = (
				F0E370C11D28C9B10050E827 /* Sources */,
				F0E370C21D28C9B10050E827 /* Frameworks */,
				F0E370C31D28C9B10050E827 /* Resources */,
			);
			buildRules = (
			);
			dependencies = (
				F0E370C71D28C9B10050E827 /* PBXTargetDependency */,
			);
			name = test_GITTests;
			productName = test_GITTests;
			productReference = F0E370C51D28C9B10050E827 /* test_GITTests.xctest */;
			productType = "com.apple.product-type.bundle.unit-test";
		};
		F0E370CF1D28C9B10050E827 /* test_GITUITests */ = {
			isa = PBXNativeTarget;
			buildConfigurationList = F0E370DF1D28C9B10050E827 /* Build configuration list for PBXNativeTarget "test_GITUITests" */;
			buildPhases = (
				F0E370CC1D28C9B10050E827 /* Sources */,
				F0E370CD1D28C9B10050E827 /* Frameworks */,
				F0E370CE1D28C9B10050E827 /* Resources */,
			);
			buildRules = (
			);
			dependencies = (
				F0E370D21D28C9B10050E827 /* PBXTargetDependency */,
			);
			name = test_GITUITests;
			productName = test_GITUITests;
			productReference = F0E370D01D28C9B10050E827 /* test_GITUITests.xctest */;
			productType = "com.apple.product-type.bundle.ui-testing";
		};
/* End PBXNativeTarget section */

/* Begin PBXProject section */
		F0E370A91D28C9B00050E827 /* Project object */ = {
			isa = PBXProject;
			attributes = {
				LastSwiftUpdateCheck = 0730;
				LastUpgradeCheck = 0730;
				ORGANIZATIONNAME = "Dio Belmont";
				TargetAttributes = {
					F0E370B01D28C9B00050E827 = {
						CreatedOnToolsVersion = 7.3.1;
					};
					F0E370C41D28C9B10050E827 = {
						CreatedOnToolsVersion = 7.3.1;
						TestTargetID = F0E370B01D28C9B00050E827;
					};
					F0E370CF1D28C9B10050E827 = {
						CreatedOnToolsVersion = 7.3.1;
						TestTargetID = F0E370B01D28C9B00050E827;
					};
				};
			};
			buildConfigurationList = F0E370AC1D28C9B00050E827 /* Build configuration list for PBXProject "test_GIT" */;
			compatibilityVersion = "Xcode 3.2";
			developmentRegion = English;
			hasScannedForEncodings = 0;
			knownRegions = (
				en,
				Base,
			);
			mainGroup = F0E370A81D28C9B00050E827;
			productRefGroup = F0E370B21D28C9B10050E827 /* Products */;
			projectDirPath = "";
			projectRoot = "";
			targets = (
				F0E370B01D28C9B00050E827 /* test_GIT */,
				F0E370C41D28C9B10050E827 /* test_GITTests */,
				F0E370CF1D28C9B10050E827 /* test_GITUITests */,
			);
		};
/* End PBXProject section */

/* Begin PBXResourcesBuildPhase section */
		F0E370AF1D28C9B00050E827 /* Resources */ = {
			isa = PBXResourcesBuildPhase;
			buildActionMask = 2147483647;
			files = (
				F0E370BF1D28C9B10050E827 /* LaunchScreen.storyboard in Resources */,
				F0E370BC1D28C9B10050E827 /* Assets.xcassets in Resources */,
				F0E370BA1D28C9B10050E827 /* Main.storyboard in Resources */,
			);
			runOnlyForDeploymentPostprocessing = 0;
		};
		F0E370C31D28C9B10050E827 /* Resources */ = {
			isa = PBXResourcesBuildPhase;
			buildActionMask = 2147483647;
			files = (
			);
			runOnlyForDeploymentPostprocessing = 0;
		};
		F0E370CE1D28C9B10050E827 /* Resources */ = {
			isa = PBXResourcesBuildPhase;
			buildActionMask = 2147483647;
			files = (
			);
			runOnlyForDeploymentPostprocessing = 0;
		};
/* End PBXResourcesBuildPhase section */

/* Begin PBXSourcesBuildPhase section */
		F0E370AD1D28C9B00050E827 /* Sources */ = {
			isa = PBXSourcesBuildPhase;
			buildActionMask = 2147483647;
			files = (
				F0E370B71D28C9B10050E827 /* ViewController.swift in Sources */,
				F0E370B51D28C9B10050E827 /* AppDelegate.swift in Sources */,
			);
			runOnlyForDeploymentPostprocessing = 0;
		};
		F0E370C11D28C9B10050E827 /* Sources */ = {
			isa = PBXSourcesBuildPhase;
			buildActionMask = 2147483647;
			files = (
				F0E370CA1D28C9B10050E827 /* test_GITTests.swift in Sources */,
			);
			runOnlyForDeploymentPostprocessing = 0;
		};
		F0E370CC1D28C9B10050E827 /* Sources */ = {
			isa = PBXSourcesBuildPhase;
			buildActionMask = 2147483647;
			files = (
				F0E370D51D28C9B10050E827 /* test_GITUITests.swift in Sources */,
			);
			runOnlyForDeploymentPostprocessing = 0;
		};
/* End PBXSourcesBuildPhase section */

/* Begin PBXTargetDependency section */
		F0E370C71D28C9B10050E827 /* PBXTargetDependency */ = {
			isa = PBXTargetDependency;
			target = F0E370B01D28C9B00050E827 /* test_GIT */;
			targetProxy = F0E370C61D28C9B10050E827 /* PBXContainerItemProxy */;
		};
		F0E370D21D28C9B10050E827 /* PBXTargetDependency */ = {
			isa = PBXTargetDependency;
			target = F0E370B01D28C9B00050E827 /* test_GIT */;
			targetProxy = F0E370D11D28C9B10050E827 /* PBXContainerItemProxy */;
		};
/* End PBXTargetDependency section */

/* Begin PBXVariantGroup section */
		F0E370B81D28C9B10050E827 /* Main.storyboard */ = {
			isa = PBXVariantGroup;
			children = (
				F0E370B91D28C9B10050E827 /* Base */,
			);
			name = Main.storyboard;
			sourceTree = "<group>";
		};
		F0E370BD1D28C9B10050E827 /* LaunchScreen.storyboard */ = {
			isa = PBXVariantGroup;
			children = (
				F0E370BE1D28C9B10050E827 /* Base */,
			);
			name = LaunchScreen.storyboard;
			sourceTree = "<group>";
		};
/* End PBXVariantGroup section */

/* Begin XCBuildConfiguration section */
		F0E370D71D28C9B10050E827 /* Debug */ = {
			isa = XCBuildConfiguration;
			buildSettings = {
				ALWAYS_SEARCH_USER_PATHS = NO;
				CLANG_ANALYZER_NONNULL = YES;
				CLANG_CXX_LANGUAGE_STANDARD = "gnu++0x";
				CLANG_CXX_LIBRARY = "libc++";
				CLANG_ENABLE_MODULES = YES;
				CLANG_ENABLE_OBJC_ARC = YES;
				CLANG_WARN_BOOL_CONVERSION = YES;
				CLANG_WARN_CONSTANT_CONVERSION = YES;
				CLANG_WARN_DIRECT_OBJC_ISA_USAGE = YES_ERROR;
				CLANG_WARN_EMPTY_BODY = YES;
				CLANG_WARN_ENUM_CONVERSION = YES;
				CLANG_WARN_INT_CONVERSION = YES;
				CLANG_WARN_OBJC_ROOT_CLASS = YES_ERROR;
				CLANG_WARN_UNREACHABLE_CODE = YES;
				CLANG_WARN__DUPLICATE_METHOD_MATCH = YES;
				"CODE_SIGN_IDENTITY[sdk=iphoneos*]" = "iPhone Developer";
				COPY_PHASE_STRIP = NO;
				DEBUG_INFORMATION_FORMAT = dwarf;
				ENABLE_STRICT_OBJC_MSGSEND = YES;
				ENABLE_TESTABILITY = YES;
				GCC_C_LANGUAGE_STANDARD = gnu99;
				GCC_DYNAMIC_NO_PIC = NO;
				GCC_NO_COMMON_BLOCKS = YES;
				GCC_OPTIMIZATION_LEVEL = 0;
				GCC_PREPROCESSOR_DEFINITIONS = (
					"DEBUG=1",
					"$(inherited)",
				);
				GCC_WARN_64_TO_32_BIT_CONVERSION = YES;
				GCC_WARN_ABOUT_RETURN_TYPE = YES_ERROR;
				GCC_WARN_UNDECLARED_SELECTOR = YES;
				GCC_WARN_UNINITIALIZED_AUTOS = YES_AGGRESSIVE;
				GCC_WARN_UNUSED_FUNCTION = YES;
				GCC_WARN_UNUSED_VARIABLE = YES;
				IPHONEOS_DEPLOYMENT_TARGET = 9.3;
				MTL_ENABLE_DEBUG_INFO = YES;
				ONLY_ACTIVE_ARCH = YES;
				SDKROOT = iphoneos;
				SWIFT_OPTIMIZATION_LEVEL = "-Onone";
			};
			name = Debug;
		};
		F0E370D81D28C9B10050E827 /* Release */ = {
			isa = XCBuildConfiguration;
			buildSettings = {
				ALWAYS_SEARCH_USER_PATHS = NO;
				CLANG_ANALYZER_NONNULL = YES;
				CLANG_CXX_LANGUAGE_STANDARD = "gnu++0x";
				CLANG_CXX_LIBRARY = "libc++";
				CLANG_ENABLE_MODULES = YES;
				CLANG_ENABLE_OBJC_ARC = YES;
				CLANG_WARN_BOOL_CONVERSION = YES;
				CLANG_WARN_CONSTANT_CONVERSION = YES;
				CLANG_WARN_DIRECT_OBJC_ISA_USAGE = YES_ERROR;
				CLANG_WARN_EMPTY_BODY = YES;
				CLANG_WARN_ENUM_CONVERSION = YES;
				CLANG_WARN_INT_CONVERSION = YES;
				CLANG_WARN_OBJC_ROOT_CLASS = YES_ERROR;
				CLANG_WARN_UNREACHABLE_CODE = YES;
				CLANG_WARN__DUPLICATE_METHOD_MATCH = YES;
				"CODE_SIGN_IDENTITY[sdk=iphoneos*]" = "iPhone Developer";
				COPY_PHASE_STRIP = NO;
				DEBUG_INFORMATION_FORMAT = "dwarf-with-dsym";
				ENABLE_NS_ASSERTIONS = NO;
				ENABLE_STRICT_OBJC_MSGSEND = YES;
				GCC_C_LANGUAGE_STANDARD = gnu99;
				GCC_NO_COMMON_BLOCKS = YES;
				GCC_WARN_64_TO_32_BIT_CONVERSION = YES;
				GCC_WARN_ABOUT_RETURN_TYPE = YES_ERROR;
				GCC_WARN_UNDECLARED_SELECTOR = YES;
				GCC_WARN_UNINITIALIZED_AUTOS = YES_AGGRESSIVE;
				GCC_WARN_UNUSED_FUNCTION = YES;
				GCC_WARN_UNUSED_VARIABLE = YES;
				IPHONEOS_DEPLOYMENT_TARGET = 9.3;
				MTL_ENABLE_DEBUG_INFO = NO;
				SDKROOT = iphoneos;
				VALIDATE_PRODUCT = YES;
			};
			name = Release;
		};
		F0E370DA1D28C9B10050E827 /* Debug */ = {
			isa = XCBuildConfiguration;
			buildSettings = {
				ASSETCATALOG_COMPILER_APPICON_NAME = AppIcon;
				INFOPLIST_FILE = test_GIT/Info.plist;
				LD_RUNPATH_SEARCH_PATHS = "$(inherited) @executable_path/Frameworks";
				PRODUCT_BUNDLE_IDENTIFIER = "BDID.test-GIT";
				PRODUCT_NAME = "$(TARGET_NAME)";
			};
			name = Debug;
		};
		F0E370DB1D28C9B10050E827 /* Release */ = {
			isa = XCBuildConfiguration;
			buildSettings = {
				ASSETCATALOG_COMPILER_APPICON_NAME = AppIcon;
				INFOPLIST_FILE = test_GIT/Info.plist;
				LD_RUNPATH_SEARCH_PATHS = "$(inherited) @executable_path/Frameworks";
				PRODUCT_BUNDLE_IDENTIFIER = "BDID.test-GIT";
				PRODUCT_NAME = "$(TARGET_NAME)";
			};
			name = Release;
		};
		F0E370DD1D28C9B10050E827 /* Debug */ = {
			isa = XCBuildConfiguration;
			buildSettings = {
				BUNDLE_LOADER = "$(TEST_HOST)";
				INFOPLIST_FILE = test_GITTests/Info.plist;
				LD_RUNPATH_SEARCH_PATHS = "$(inherited) @executable_path/Frameworks @loader_path/Frameworks";
				PRODUCT_BUNDLE_IDENTIFIER = "BDID.test-GITTests";
				PRODUCT_NAME = "$(TARGET_NAME)";
				TEST_HOST = "$(BUILT_PRODUCTS_DIR)/test_GIT.app/test_GIT";
			};
			name = Debug;
		};
		F0E370DE1D28C9B10050E827 /* Release */ = {
			isa = XCBuildConfiguration;
			buildSettings = {
				BUNDLE_LOADER = "$(TEST_HOST)";
				INFOPLIST_FILE = test_GITTests/Info.plist;
				LD_RUNPATH_SEARCH_PATHS = "$(inherited) @executable_path/Frameworks @loader_path/Frameworks";
				PRODUCT_BUNDLE_IDENTIFIER = "BDID.test-GITTests";
				PRODUCT_NAME = "$(TARGET_NAME)";
				TEST_HOST = "$(BUILT_PRODUCTS_DIR)/test_GIT.app/test_GIT";
			};
			name = Release;
		};
		F0E370E01D28C9B10050E827 /* Debug */ = {
			isa = XCBuildConfiguration;
			buildSettings = {
				INFOPLIST_FILE = test_GITUITests/Info.plist;
				LD_RUNPATH_SEARCH_PATHS = "$(inherited) @executable_path/Frameworks @loader_path/Frameworks";
				PRODUCT_BUNDLE_IDENTIFIER = "BDID.test-GITUITests";
				PRODUCT_NAME = "$(TARGET_NAME)";
				TEST_TARGET_NAME = test_GIT;
			};
			name = Debug;
		};
		F0E370E11D28C9B10050E827 /* Release */ = {
			isa = XCBuildConfiguration;
			buildSettings = {
				INFOPLIST_FILE = test_GITUITests/Info.plist;
				LD_RUNPATH_SEARCH_PATHS = "$(inherited) @executable_path/Frameworks @loader_path/Frameworks";
				PRODUCT_BUNDLE_IDENTIFIER = "BDID.test-GITUITests";
				PRODUCT_NAME = "$(TARGET_NAME)";
				TEST_TARGET_NAME = test_GIT;
			};
			name = Release;
		};
/* End XCBuildConfiguration section */

/* Begin XCConfigurationList section */
		F0E370AC1D28C9B00050E827 /* Build configuration list for PBXProject "test_GIT" */ = {
			isa = XCConfigurationList;
			buildConfigurations = (
				F0E370D71D28C9B10050E827 /* Debug */,
				F0E370D81D28C9B10050E827 /* Release */,
			);
			defaultConfigurationIsVisible = 0;
			defaultConfigurationName = Release;
		};
		F0E370D91D28C9B10050E827 /* Build configuration list for PBXNativeTarget "test_GIT" */ = {
			isa = XCConfigurationList;
			buildConfigurations = (
				F0E370DA1D28C9B10050E827 /* Debug */,
				F0E370DB1D28C9B10050E827 /* Release */,
			);
			defaultConfigurationIsVisible = 0;
		};
		F0E370DC1D28C9B10050E827 /* Build configuration list for PBXNativeTarget "test_GITTests" */ = {
			isa = XCConfigurationList;
			buildConfigurations = (
				F0E370DD1D28C9B10050E827 /* Debug */,
				F0E370DE1D28C9B10050E827 /* Release */,
			);
			defaultConfigurationIsVisible = 0;
		};
		F0E370DF1D28C9B10050E827 /* Build configuration list for PBXNativeTarget "test_GITUITests" */ = {
			isa = XCConfigurationList;
			buildConfigurations = (
				F0E370E01D28C9B10050E827 /* Debug */,
				F0E370E11D28C9B10050E827 /* Release */,
			);
			defaultConfigurationIsVisible = 0;
		};
/* End XCConfigurationList section */
	};
	rootObject = F0E370A91D28C9B00050E827 /* Project object */;
}
